
Microsoft Visual Studio Solution File, Format Version 12.00
# Visual Studio 2013
VisualStudioVersion = 12.0.30501.0
MinimumVisualStudioVersion = 10.0.40219.1
Project("{2150E333-8FDC-42A3-9474-1A3956D46DE8}") = ".nuget", ".nuget", "{01A6DAB7-8AD0-42B5-8A2C-8475204A1BF1}"
	ProjectSection(SolutionItems) = preProject
		.nuget\NuGet.Config = .nuget\NuGet.Config
		.nuget\NuGet.exe = .nuget\NuGet.exe
		.nuget\NuGet.targets = .nuget\NuGet.targets
	EndProjectSection
EndProject
Project("{2150E333-8FDC-42A3-9474-1A3956D46DE8}") = "1 Shared", "1 Shared", "{4FB630CC-4A18-46FD-89EA-AB3132830CCA}"
EndProject
Project("{2150E333-8FDC-42A3-9474-1A3956D46DE8}") = "2 DataBase", "2 DataBase", "{CEDB539E-A037-4BF1-83EC-7070D846AB91}"
EndProject
Project("{2150E333-8FDC-42A3-9474-1A3956D46DE8}") = "3 Business", "3 Business", "{E1E900E9-35FF-4D1B-BEAD-814316D6DB07}"
EndProject
Project("{2150E333-8FDC-42A3-9474-1A3956D46DE8}") = "4 FrontEnd", "4 FrontEnd", "{0BAC5058-F5B8-44D2-8AAA-A07C8BE57C64}"
EndProject
Project("{2150E333-8FDC-42A3-9474-1A3956D46DE8}") = "Documentation", "Documentation", "{77F4F33F-DE97-4A61-BF2C-928EF5005C32}"
	ProjectSection(SolutionItems) = preProject
		Documents\C# Coding Rules.pdf = Documents\C# Coding Rules.pdf
		Documents\Тестовое задание #4 .pdf = Documents\Тестовое задание #4 .pdf
	EndProjectSection
EndProject
Project("{FAE04EC0-301F-11D3-BF4B-00C04F79EFBC}") = "Web", "Web\Web.csproj", "{0BE9B603-53F4-42F1-8FA9-77D17D09CE6D}"
EndProject
Project("{FAE04EC0-301F-11D3-BF4B-00C04F79EFBC}") = "DataBaseModel", "DataBaseConnection\DataBaseModel.csproj", "{DACBAAA5-39F8-4F2F-9367-05610262A6BB}"
EndProject
Project("{FAE04EC0-301F-11D3-BF4B-00C04F79EFBC}") = "DomainEntities", "DomainEntities\DomainEntities.csproj", "{0E2B8338-729E-4C1C-BB15-07B8F2992F32}"
EndProject
Project("{FAE04EC0-301F-11D3-BF4B-00C04F79EFBC}") = "Repositories", "Repositories\Repositories.csproj", "{D8301742-889E-4EDB-BCBF-7E4475F2148B}"
EndProject
Project("{FAE04EC0-301F-11D3-BF4B-00C04F79EFBC}") = "SharedStrings", "SharedStrings\SharedStrings.csproj", "{E9BC8A6A-D7AD-4FEA-88DD-BFC3031ED027}"
EndProject
Project("{FAE04EC0-301F-11D3-BF4B-00C04F79EFBC}") = "Services", "Services\Services.csproj", "{A5377660-1607-4E04-9B87-020B2A2CF530}"
EndProject
Project("{FAE04EC0-301F-11D3-BF4B-00C04F79EFBC}") = "Shared", "Shared\Shared.csproj", "{ABC7D32F-150C-49B3-AD9C-DFE39D4690E1}"
EndProject
Project("{FAE04EC0-301F-11D3-BF4B-00C04F79EFBC}") = "ServicesUnitTest", "ServicesUnitTest\ServicesUnitTest.csproj", "{DEA84AB5-B2FC-4434-A822-2DB7EDB40692}"
EndProject
Global
	GlobalSection(SolutionConfigurationPlatforms) = preSolution
		Debug|Any CPU = Debug|Any CPU
		Release|Any CPU = Release|Any CPU
	EndGlobalSection
	GlobalSection(ProjectConfigurationPlatforms) = postSolution
		{0BE9B603-53F4-42F1-8FA9-77D17D09CE6D}.Debug|Any CPU.ActiveCfg = Debug|Any CPU
		{0BE9B603-53F4-42F1-8FA9-77D17D09CE6D}.Debug|Any CPU.Build.0 = Debug|Any CPU
		{0BE9B603-53F4-42F1-8FA9-77D17D09CE6D}.Release|Any CPU.ActiveCfg = Release|Any CPU
		{0BE9B603-53F4-42F1-8FA9-77D17D09CE6D}.Release|Any CPU.Build.0 = Release|Any CPU
		{DACBAAA5-39F8-4F2F-9367-05610262A6BB}.Debug|Any CPU.ActiveCfg = Debug|Any CPU
		{DACBAAA5-39F8-4F2F-9367-05610262A6BB}.Debug|Any CPU.Build.0 = Debug|Any CPU
		{DACBAAA5-39F8-4F2F-9367-05610262A6BB}.Release|Any CPU.ActiveCfg = Release|Any CPU
		{DACBAAA5-39F8-4F2F-9367-05610262A6BB}.Release|Any CPU.Build.0 = Release|Any CPU
		{0E2B8338-729E-4C1C-BB15-07B8F2992F32}.Debug|Any CPU.ActiveCfg = Debug|Any CPU
		{0E2B8338-729E-4C1C-BB15-07B8F2992F32}.Debug|Any CPU.Build.0 = Debug|Any CPU
		{0E2B8338-729E-4C1C-BB15-07B8F2992F32}.Release|Any CPU.ActiveCfg = Release|Any CPU
		{0E2B8338-729E-4C1C-BB15-07B8F2992F32}.Release|Any CPU.Build.0 = Release|Any CPU
		{D8301742-889E-4EDB-BCBF-7E4475F2148B}.Debug|Any CPU.ActiveCfg = Debug|Any CPU
		{D8301742-889E-4EDB-BCBF-7E4475F2148B}.Debug|Any CPU.Build.0 = Debug|Any CPU
		{D8301742-889E-4EDB-BCBF-7E4475F2148B}.Release|Any CPU.ActiveCfg = Release|Any CPU
		{D8301742-889E-4EDB-BCBF-7E4475F2148B}.Release|Any CPU.Build.0 = Release|Any CPU
		{E9BC8A6A-D7AD-4FEA-88DD-BFC3031ED027}.Debug|Any CPU.ActiveCfg = Debug|Any CPU
		{E9BC8A6A-D7AD-4FEA-88DD-BFC3031ED027}.Debug|Any CPU.Build.0 = Debug|Any CPU
		{E9BC8A6A-D7AD-4FEA-88DD-BFC3031ED027}.Release|Any CPU.ActiveCfg = Release|Any CPU
		{E9BC8A6A-D7AD-4FEA-88DD-BFC3031ED027}.Release|Any CPU.Build.0 = Release|Any CPU
		{A5377660-1607-4E04-9B87-020B2A2CF530}.Debug|Any CPU.ActiveCfg = Debug|Any CPU
		{A5377660-1607-4E04-9B87-020B2A2CF530}.Debug|Any CPU.Build.0 = Debug|Any CPU
		{A5377660-1607-4E04-9B87-020B2A2CF530}.Release|Any CPU.ActiveCfg = Release|Any CPU
		{A5377660-1607-4E04-9B87-020B2A2CF530}.Release|Any CPU.Build.0 = Release|Any CPU
		{ABC7D32F-150C-49B3-AD9C-DFE39D4690E1}.Debug|Any CPU.ActiveCfg = Debug|Any CPU
		{ABC7D32F-150C-49B3-AD9C-DFE39D4690E1}.Debug|Any CPU.Build.0 = Debug|Any CPU
		{ABC7D32F-150C-49B3-AD9C-DFE39D4690E1}.Release|Any CPU.ActiveCfg = Release|Any CPU
		{ABC7D32F-150C-49B3-AD9C-DFE39D4690E1}.Release|Any CPU.Build.0 = Release|Any CPU
		{DEA84AB5-B2FC-4434-A822-2DB7EDB40692}.Debug|Any CPU.ActiveCfg = Debug|Any CPU
		{DEA84AB5-B2FC-4434-A822-2DB7EDB40692}.Debug|Any CPU.Build.0 = Debug|Any CPU
		{DEA84AB5-B2FC-4434-A822-2DB7EDB40692}.Release|Any CPU.ActiveCfg = Release|Any CPU
		{DEA84AB5-B2FC-4434-A822-2DB7EDB40692}.Release|Any CPU.Build.0 = Release|Any CPU
	EndGlobalSection
	GlobalSection(SolutionProperties) = preSolution
		HideSolutionNode = FALSE
	EndGlobalSection
	GlobalSection(NestedProjects) = preSolution
		{0BE9B603-53F4-42F1-8FA9-77D17D09CE6D} = {0BAC5058-F5B8-44D2-8AAA-A07C8BE57C64}
		{DACBAAA5-39F8-4F2F-9367-05610262A6BB} = {CEDB539E-A037-4BF1-83EC-7070D846AB91}
		{0E2B8338-729E-4C1C-BB15-07B8F2992F32} = {E1E900E9-35FF-4D1B-BEAD-814316D6DB07}
		{D8301742-889E-4EDB-BCBF-7E4475F2148B} = {E1E900E9-35FF-4D1B-BEAD-814316D6DB07}
		{E9BC8A6A-D7AD-4FEA-88DD-BFC3031ED027} = {4FB630CC-4A18-46FD-89EA-AB3132830CCA}
		{A5377660-1607-4E04-9B87-020B2A2CF530} = {E1E900E9-35FF-4D1B-BEAD-814316D6DB07}
		{ABC7D32F-150C-49B3-AD9C-DFE39D4690E1} = {4FB630CC-4A18-46FD-89EA-AB3132830CCA}
		{DEA84AB5-B2FC-4434-A822-2DB7EDB40692} = {E1E900E9-35FF-4D1B-BEAD-814316D6DB07}
	EndGlobalSection
EndGlobal
